
Microsoft Visual Studio Solution File, Format Version 12.00
# Visual Studio 2012
Project("{FAE04EC0-301F-11D3-BF4B-00C04F79EFBC}") = "DNT.Diag", "DNT.Diag.csproj", "{0A41E758-5EE7-4C21-8230-2A1E5FE02CCA}"
EndProject
Project("{FAE04EC0-301F-11D3-BF4B-00C04F79EFBC}") = "DNT.Diag.Test", "DNT.Diag.Test\DNT.Diag.Test.csproj", "{A51E9A30-7830-4F94-99B1-E53D4D2D46BA}"
EndProject
Global
	GlobalSection(SolutionConfigurationPlatforms) = preSolution
		Debug|Any CPU = Debug|Any CPU
		Release|Any CPU = Release|Any CPU
	EndGlobalSection
	GlobalSection(ProjectConfigurationPlatforms) = postSolution
		{0A41E758-5EE7-4C21-8230-2A1E5FE02CCA}.Debug|Any CPU.ActiveCfg = Debug|Any CPU
		{0A41E758-5EE7-4C21-8230-2A1E5FE02CCA}.Debug|Any CPU.Build.0 = Debug|Any CPU
		{0A41E758-5EE7-4C21-8230-2A1E5FE02CCA}.Release|Any CPU.ActiveCfg = Release|Any CPU
		{0A41E758-5EE7-4C21-8230-2A1E5FE02CCA}.Release|Any CPU.Build.0 = Release|Any CPU
		{A51E9A30-7830-4F94-99B1-E53D4D2D46BA}.Debug|Any CPU.ActiveCfg = Debug|Any CPU
		{A51E9A30-7830-4F94-99B1-E53D4D2D46BA}.Debug|Any CPU.Build.0 = Debug|Any CPU
		{A51E9A30-7830-4F94-99B1-E53D4D2D46BA}.Release|Any CPU.ActiveCfg = Release|Any CPU
		{A51E9A30-7830-4F94-99B1-E53D4D2D46BA}.Release|Any CPU.Build.0 = Release|Any CPU
	EndGlobalSection
	GlobalSection(SolutionProperties) = preSolution
		HideSolutionNode = FALSE
	EndGlobalSection
EndGlobal
